
Microsoft Visual Studio Solution File, Format Version 12.00
# Visual Studio Version 17
VisualStudioVersion = 17.3.32825.248
MinimumVisualStudioVersion = 10.0.40219.1
Project("{FAE04EC0-301F-11D3-BF4B-00C04F79EFBC}") = "FootballTeam", "FootballTeam\FootballTeam.csproj", "{65B6C895-D2FA-49B1-8250-79F68ED0FBBD}"
EndProject
Project("{FAE04EC0-301F-11D3-BF4B-00C04F79EFBC}") = "FootballPlayerUnitTest", "FootballPlayerUnitTest\FootballPlayerUnitTest.csproj", "{F1009582-436A-4301-8F77-561894702585}"
EndProject
Global
	GlobalSection(SolutionConfigurationPlatforms) = preSolution
		Debug|Any CPU = Debug|Any CPU
		Release|Any CPU = Release|Any CPU
	EndGlobalSection
	GlobalSection(ProjectConfigurationPlatforms) = postSolution
		{65B6C895-D2FA-49B1-8250-79F68ED0FBBD}.Debug|Any CPU.ActiveCfg = Debug|Any CPU
		{65B6C895-D2FA-49B1-8250-79F68ED0FBBD}.Debug|Any CPU.Build.0 = Debug|Any CPU
		{65B6C895-D2FA-49B1-8250-79F68ED0FBBD}.Release|Any CPU.ActiveCfg = Release|Any CPU
		{65B6C895-D2FA-49B1-8250-79F68ED0FBBD}.Release|Any CPU.Build.0 = Release|Any CPU
		{F1009582-436A-4301-8F77-561894702585}.Debug|Any CPU.ActiveCfg = Debug|Any CPU
		{F1009582-436A-4301-8F77-561894702585}.Debug|Any CPU.Build.0 = Debug|Any CPU
		{F1009582-436A-4301-8F77-561894702585}.Release|Any CPU.ActiveCfg = Release|Any CPU
		{F1009582-436A-4301-8F77-561894702585}.Release|Any CPU.Build.0 = Release|Any CPU
	EndGlobalSection
	GlobalSection(SolutionProperties) = preSolution
		HideSolutionNode = FALSE
	EndGlobalSection
	GlobalSection(ExtensibilityGlobals) = postSolution
		SolutionGuid = {5EE190E9-9CFB-4350-9F5D-D223BF79DCDE}
	EndGlobalSection
EndGlobal
